
Microsoft Visual Studio Solution File, Format Version 12.00
# Visual Studio Version 16
VisualStudioVersion = 16.0.29609.76
MinimumVisualStudioVersion = 10.0.40219.1
Project("{FAE04EC0-301F-11D3-BF4B-00C04F79EFBC}") = "CodeWars_TesttingGround", "CodeWars_TesttingGround\CodeWars_TesttingGround.csproj", "{7246C9A3-697E-446B-8085-AAB3AEE3A33A}"
EndProject
Project("{FAE04EC0-301F-11D3-BF4B-00C04F79EFBC}") = "Codewars_NUnit_Testing_In_Core", "Codewars_NUnit_Testing_In_Core\Codewars_NUnit_Testing_In_Core.csproj", "{E5B405DA-5483-4299-B2B3-4C4EF95CE35E}"
EndProject
Global
	GlobalSection(SolutionConfigurationPlatforms) = preSolution
		Debug|Any CPU = Debug|Any CPU
		Release|Any CPU = Release|Any CPU
	EndGlobalSection
	GlobalSection(ProjectConfigurationPlatforms) = postSolution
		{7246C9A3-697E-446B-8085-AAB3AEE3A33A}.Debug|Any CPU.ActiveCfg = Debug|Any CPU
		{7246C9A3-697E-446B-8085-AAB3AEE3A33A}.Debug|Any CPU.Build.0 = Debug|Any CPU
		{7246C9A3-697E-446B-8085-AAB3AEE3A33A}.Release|Any CPU.ActiveCfg = Release|Any CPU
		{7246C9A3-697E-446B-8085-AAB3AEE3A33A}.Release|Any CPU.Build.0 = Release|Any CPU
		{E5B405DA-5483-4299-B2B3-4C4EF95CE35E}.Debug|Any CPU.ActiveCfg = Debug|Any CPU
		{E5B405DA-5483-4299-B2B3-4C4EF95CE35E}.Debug|Any CPU.Build.0 = Debug|Any CPU
		{E5B405DA-5483-4299-B2B3-4C4EF95CE35E}.Release|Any CPU.ActiveCfg = Release|Any CPU
		{E5B405DA-5483-4299-B2B3-4C4EF95CE35E}.Release|Any CPU.Build.0 = Release|Any CPU
	EndGlobalSection
	GlobalSection(SolutionProperties) = preSolution
		HideSolutionNode = FALSE
	EndGlobalSection
	GlobalSection(ExtensibilityGlobals) = postSolution
		SolutionGuid = {0D7EA345-6F58-4091-B3D8-7DF091A98F14}
	EndGlobalSection
EndGlobal
